<?xml version="1.0" encoding="utf-8"?>
<Project ToolsVersion="4.0" xmlns="http://schemas.microsoft.com/developer/msbuild/2003">
  <ItemGroup>
    <Filter Include="源文件">
      <UniqueIdentifier>{4FC737F1-C7A5-4376-A066-2A32D752A2FF}</UniqueIdentifier>
      <Extensions>cpp;c;cc;cxx;c++;cppm;ixx;def;odl;idl;hpj;bat;asm;asmx</Extensions>
    </Filter>
    <Filter Include="头文件">
      <UniqueIdentifier>{93995380-89BD-4b04-88EB-625FBE52EBFB}</UniqueIdentifier>
      <Extensions>h;hh;hpp;hxx;h++;hm;inl;inc;ipp;xsd</Extensions>
    </Filter>
    <Filter Include="资源文件">
      <UniqueIdentifier>{67DA6AB6-F800-4c08-8B7A-83BB121AAD01}</UniqueIdentifier>
      <Extensions>rc;ico;cur;bmp;dlg;rc2;rct;bin;rgs;gif;jpg;jpeg;jpe;resx;tiff;tif;png;wav;mfcribbon-ms</Extensions>
    </Filter>
  </ItemGroup>
  <ItemGroup>
    <ClCompile Include="src\Main.cpp">
      <Filter>源文件</Filter>
    </ClCompile>
    <ClCompile Include="vendor\GLAD\glad.c">
      <Filter>源文件</Filter>
    </ClCompile>
    <ClCompile Include="src\Lessons.cpp">
      <Filter>源文件</Filter>
    </ClCompile>
  </ItemGroup>
  <ItemGroup>
    <ClInclude Include="src\Lessons.h">
      <Filter>头文件</Filter>
    </ClInclude>
    <ClInclude Include="vendor\FREETYPE\include\freetype\config\ftconfig.h">
      <Filter>头文件</Filter>
    </ClInclude>
    <ClInclude Include="vendor\FREETYPE\include\freetype\config\ftheader.h">
      <Filter>头文件</Filter>
    </ClInclude>
    <ClInclude Include="vendor\FREETYPE\include\freetype\config\ftmodule.h">
      <Filter>头文件</Filter>
    </ClInclude>
    <ClInclude Include="vendor\FREETYPE\include\freetype\config\ftoption.h">
      <Filter>头文件</Filter>
    </ClInclude>
    <ClInclude Include="vendor\FREETYPE\include\freetype\config\ftstdlib.h">
      <Filter>头文件</Filter>
    </ClInclude>
    <ClInclude Include="vendor\FREETYPE\include\freetype\config\integer-types.h">
      <Filter>头文件</Filter>
    </ClInclude>
    <ClInclude Include="vendor\FREETYPE\include\freetype\config\mac-support.h">
      <Filter>头文件</Filter>
    </ClInclude>
    <ClInclude Include="vendor\FREETYPE\include\freetype\config\public-macros.h">
      <Filter>头文件</Filter>
    </ClInclude>
    <ClInclude Include="vendor\FREETYPE\include\freetype\freetype.h">
      <Filter>头文件</Filter>
    </ClInclude>
    <ClInclude Include="vendor\FREETYPE\include\freetype\ftadvanc.h">
      <Filter>头文件</Filter>
    </ClInclude>
    <ClInclude Include="vendor\FREETYPE\include\freetype\ftbbox.h">
      <Filter>头文件</Filter>
    </ClInclude>
    <ClInclude Include="vendor\FREETYPE\include\freetype\ftbdf.h">
      <Filter>头文件</Filter>
    </ClInclude>
    <ClInclude Include="vendor\FREETYPE\include\freetype\ftbitmap.h">
      <Filter>头文件</Filter>
    </ClInclude>
    <ClInclude Include="vendor\FREETYPE\include\freetype\ftbzip2.h">
      <Filter>头文件</Filter>
    </ClInclude>
    <ClInclude Include="vendor\FREETYPE\include\freetype\ftcache.h">
      <Filter>头文件</Filter>
    </ClInclude>
    <ClInclude Include="vendor\FREETYPE\include\freetype\ftchapters.h">
      <Filter>头文件</Filter>
    </ClInclude>
    <ClInclude Include="vendor\FREETYPE\include\freetype\ftcid.h">
      <Filter>头文件</Filter>
    </ClInclude>
    <ClInclude Include="vendor\FREETYPE\include\freetype\ftcolor.h">
      <Filter>头文件</Filter>
    </ClInclude>
    <ClInclude Include="vendor\FREETYPE\include\freetype\ftdriver.h">
      <Filter>头文件</Filter>
    </ClInclude>
    <ClInclude Include="vendor\FREETYPE\include\freetype\fterrdef.h">
      <Filter>头文件</Filter>
    </ClInclude>
    <ClInclude Include="vendor\FREETYPE\include\freetype\fterrors.h">
      <Filter>头文件</Filter>
    </ClInclude>
    <ClInclude Include="vendor\FREETYPE\include\freetype\ftfntfmt.h">
      <Filter>头文件</Filter>
    </ClInclude>
    <ClInclude Include="vendor\FREETYPE\include\freetype\ftgasp.h">
      <Filter>头文件</Filter>
    </ClInclude>
    <ClInclude Include="vendor\FREETYPE\include\freetype\ftglyph.h">
      <Filter>头文件</Filter>
    </ClInclude>
    <ClInclude Include="vendor\FREETYPE\include\freetype\ftgxval.h">
      <Filter>头文件</Filter>
    </ClInclude>
    <ClInclude Include="vendor\FREETYPE\include\freetype\ftgzip.h">
      <Filter>头文件</Filter>
    </ClInclude>
    <ClInclude Include="vendor\FREETYPE\include\freetype\ftimage.h">
      <Filter>头文件</Filter>
    </ClInclude>
    <ClInclude Include="vendor\FREETYPE\include\freetype\ftincrem.h">
      <Filter>头文件</Filter>
    </ClInclude>
    <ClInclude Include="vendor\FREETYPE\include\freetype\ftlcdfil.h">
      <Filter>头文件</Filter>
    </ClInclude>
    <ClInclude Include="vendor\FREETYPE\include\freetype\ftlist.h">
      <Filter>头文件</Filter>
    </ClInclude>
    <ClInclude Include="vendor\FREETYPE\include\freetype\ftlogging.h">
      <Filter>头文件</Filter>
    </ClInclude>
    <ClInclude Include="vendor\FREETYPE\include\freetype\ftlzw.h">
      <Filter>头文件</Filter>
    </ClInclude>
    <ClInclude Include="vendor\FREETYPE\include\freetype\ftmac.h">
      <Filter>头文件</Filter>
    </ClInclude>
    <ClInclude Include="vendor\FREETYPE\include\freetype\ftmm.h">
      <Filter>头文件</Filter>
    </ClInclude>
    <ClInclude Include="vendor\FREETYPE\include\freetype\ftmodapi.h">
      <Filter>头文件</Filter>
    </ClInclude>
    <ClInclude Include="vendor\FREETYPE\include\freetype\ftmoderr.h">
      <Filter>头文件</Filter>
    </ClInclude>
    <ClInclude Include="vendor\FREETYPE\include\freetype\ftotval.h">
      <Filter>头文件</Filter>
    </ClInclude>
    <ClInclude Include="vendor\FREETYPE\include\freetype\ftoutln.h">
      <Filter>头文件</Filter>
    </ClInclude>
    <ClInclude Include="vendor\FREETYPE\include\freetype\ftparams.h">
      <Filter>头文件</Filter>
    </ClInclude>
    <ClInclude Include="vendor\FREETYPE\include\freetype\ftpfr.h">
      <Filter>头文件</Filter>
    </ClInclude>
    <ClInclude Include="vendor\FREETYPE\include\freetype\ftrender.h">
      <Filter>头文件</Filter>
    </ClInclude>
    <ClInclude Include="vendor\FREETYPE\include\freetype\ftsizes.h">
      <Filter>头文件</Filter>
    </ClInclude>
    <ClInclude Include="vendor\FREETYPE\include\freetype\ftsnames.h">
      <Filter>头文件</Filter>
    </ClInclude>
    <ClInclude Include="vendor\FREETYPE\include\freetype\ftstroke.h">
      <Filter>头文件</Filter>
    </ClInclude>
    <ClInclude Include="vendor\FREETYPE\include\freetype\ftsynth.h">
      <Filter>头文件</Filter>
    </ClInclude>
    <ClInclude Include="vendor\FREETYPE\include\freetype\ftsystem.h">
      <Filter>头文件</Filter>
    </ClInclude>
    <ClInclude Include="vendor\FREETYPE\include\freetype\fttrigon.h">
      <Filter>头文件</Filter>
    </ClInclude>
    <ClInclude Include="vendor\FREETYPE\include\freetype\fttypes.h">
      <Filter>头文件</Filter>
    </ClInclude>
    <ClInclude Include="vendor\FREETYPE\include\freetype\ftwinfnt.h">
      <Filter>头文件</Filter>
    </ClInclude>
    <ClInclude Include="vendor\FREETYPE\include\freetype\otsvg.h">
      <Filter>头文件</Filter>
    </ClInclude>
    <ClInclude Include="vendor\FREETYPE\include\freetype\t1tables.h">
      <Filter>头文件</Filter>
    </ClInclude>
    <ClInclude Include="vendor\FREETYPE\include\freetype\ttnameid.h">
      <Filter>头文件</Filter>
    </ClInclude>
    <ClInclude Include="vendor\FREETYPE\include\freetype\tttables.h">
      <Filter>头文件</Filter>
    </ClInclude>
    <ClInclude Include="vendor\FREETYPE\include\freetype\tttags.h">
      <Filter>头文件</Filter>
    </ClInclude>
    <ClInclude Include="vendor\FREETYPE\include\ft2build.h">
      <Filter>头文件</Filter>
    </ClInclude>
  </ItemGroup>
</Project>